
Microsoft Visual Studio Solution File, Format Version 12.00
# Visual Studio Version 17
VisualStudioVersion = 17.11.35208.52
MinimumVisualStudioVersion = 10.0.40219.1
Project("{2150E333-8FDC-42A3-9474-1A3956D46DE8}") = "src", "src", "{DAD9B8DF-7EFD-4913-838E-A2CEC81F0A2F}"
EndProject
Project("{2150E333-8FDC-42A3-9474-1A3956D46DE8}") = "tests", "tests", "{51A00807-F732-4DF7-BECD-69757456512E}"
EndProject
Project("{9A19103F-16F7-4668-BE54-9A1E7A4F7556}") = "PrBeleBackend.Core", "PrBeleBackend.core\PrBeleBackend.Core.csproj", "{651CF958-F152-40B3-8744-987E6D67B86A}"
EndProject
Project("{9A19103F-16F7-4668-BE54-9A1E7A4F7556}") = "PrBeleBackend.Infrastructure", "PrBeleBackend.Infrastructure\PrBeleBackend.Infrastructure.csproj", "{E09772A5-5C30-4F5F-8698-8193598E0135}"
EndProject
Project("{9A19103F-16F7-4668-BE54-9A1E7A4F7556}") = "PrBeleBackend.API", "PrBeleBackend.API\PrBeleBackend.API.csproj", "{50E728EF-3367-4EF8-BE6F-C363B2C01EEC}"
EndProject
Global
	GlobalSection(SolutionConfigurationPlatforms) = preSolution
		Debug|Any CPU = Debug|Any CPU
		Release|Any CPU = Release|Any CPU
	EndGlobalSection
	GlobalSection(ProjectConfigurationPlatforms) = postSolution
		{651CF958-F152-40B3-8744-987E6D67B86A}.Debug|Any CPU.ActiveCfg = Debug|Any CPU
		{651CF958-F152-40B3-8744-987E6D67B86A}.Debug|Any CPU.Build.0 = Debug|Any CPU
		{651CF958-F152-40B3-8744-987E6D67B86A}.Release|Any CPU.ActiveCfg = Release|Any CPU
		{651CF958-F152-40B3-8744-987E6D67B86A}.Release|Any CPU.Build.0 = Release|Any CPU
		{E09772A5-5C30-4F5F-8698-8193598E0135}.Debug|Any CPU.ActiveCfg = Debug|Any CPU
		{E09772A5-5C30-4F5F-8698-8193598E0135}.Debug|Any CPU.Build.0 = Debug|Any CPU
		{E09772A5-5C30-4F5F-8698-8193598E0135}.Release|Any CPU.ActiveCfg = Release|Any CPU
		{E09772A5-5C30-4F5F-8698-8193598E0135}.Release|Any CPU.Build.0 = Release|Any CPU
		{50E728EF-3367-4EF8-BE6F-C363B2C01EEC}.Debug|Any CPU.ActiveCfg = Debug|Any CPU
		{50E728EF-3367-4EF8-BE6F-C363B2C01EEC}.Debug|Any CPU.Build.0 = Debug|Any CPU
		{50E728EF-3367-4EF8-BE6F-C363B2C01EEC}.Release|Any CPU.ActiveCfg = Release|Any CPU
		{50E728EF-3367-4EF8-BE6F-C363B2C01EEC}.Release|Any CPU.Build.0 = Release|Any CPU
	EndGlobalSection
	GlobalSection(SolutionProperties) = preSolution
		HideSolutionNode = FALSE
	EndGlobalSection
	GlobalSection(NestedProjects) = preSolution
		{651CF958-F152-40B3-8744-987E6D67B86A} = {DAD9B8DF-7EFD-4913-838E-A2CEC81F0A2F}
		{E09772A5-5C30-4F5F-8698-8193598E0135} = {DAD9B8DF-7EFD-4913-838E-A2CEC81F0A2F}
		{50E728EF-3367-4EF8-BE6F-C363B2C01EEC} = {DAD9B8DF-7EFD-4913-838E-A2CEC81F0A2F}
	EndGlobalSection
	GlobalSection(ExtensibilityGlobals) = postSolution
		SolutionGuid = {81C8683B-6AF4-414C-A39D-E4BCB122A234}
	EndGlobalSection
EndGlobal
